
Microsoft Visual Studio Solution File, Format Version 12.00
# Visual Studio Version 16
VisualStudioVersion = 16.0.32106.194
MinimumVisualStudioVersion = 10.0.40219.1
Project("{9A19103F-16F7-4668-BE54-9A1E7A4F7556}") = "MySQLPractice", "MySQLPractice\MySQLPractice.csproj", "{53D7D4B5-BC5E-49F8-A914-775C0988BE85}"
EndProject
Global
	GlobalSection(SolutionConfigurationPlatforms) = preSolution
		Debug|Any CPU = Debug|Any CPU
		Release|Any CPU = Release|Any CPU
	EndGlobalSection
	GlobalSection(ProjectConfigurationPlatforms) = postSolution
		{53D7D4B5-BC5E-49F8-A914-775C0988BE85}.Debug|Any CPU.ActiveCfg = Debug|Any CPU
		{53D7D4B5-BC5E-49F8-A914-775C0988BE85}.Debug|Any CPU.Build.0 = Debug|Any CPU
		{53D7D4B5-BC5E-49F8-A914-775C0988BE85}.Release|Any CPU.ActiveCfg = Release|Any CPU
		{53D7D4B5-BC5E-49F8-A914-775C0988BE85}.Release|Any CPU.Build.0 = Release|Any CPU
	EndGlobalSection
	GlobalSection(SolutionProperties) = preSolution
		HideSolutionNode = FALSE
	EndGlobalSection
	GlobalSection(ExtensibilityGlobals) = postSolution
		SolutionGuid = {4ACD5F2B-1764-4491-B98E-07A99E2DA43A}
	EndGlobalSection
EndGlobal
